
Microsoft Visual Studio Solution File, Format Version 12.00
# Visual Studio Version 17
VisualStudioVersion = 17.7.34003.232
MinimumVisualStudioVersion = 10.0.40219.1
Project("{FAE04EC0-301F-11D3-BF4B-00C04F79EFBC}") = "VisPro_Design_Assignment_2023-09-19", "VisPro_Design_Assignment_2023-09-19\VisPro_Design_Assignment_2023-09-19.csproj", "{B0137511-83F8-41A1-9D90-3B05ED7A307E}"
EndProject
Global
	GlobalSection(SolutionConfigurationPlatforms) = preSolution
		Debug|Any CPU = Debug|Any CPU
		Release|Any CPU = Release|Any CPU
	EndGlobalSection
	GlobalSection(ProjectConfigurationPlatforms) = postSolution
		{B0137511-83F8-41A1-9D90-3B05ED7A307E}.Debug|Any CPU.ActiveCfg = Debug|Any CPU
		{B0137511-83F8-41A1-9D90-3B05ED7A307E}.Debug|Any CPU.Build.0 = Debug|Any CPU
		{B0137511-83F8-41A1-9D90-3B05ED7A307E}.Release|Any CPU.ActiveCfg = Release|Any CPU
		{B0137511-83F8-41A1-9D90-3B05ED7A307E}.Release|Any CPU.Build.0 = Release|Any CPU
	EndGlobalSection
	GlobalSection(SolutionProperties) = preSolution
		HideSolutionNode = FALSE
	EndGlobalSection
	GlobalSection(ExtensibilityGlobals) = postSolution
		SolutionGuid = {5FC43ECF-4068-4EBD-9040-401E92D9EA39}
	EndGlobalSection
EndGlobal
